
Microsoft Visual Studio Solution File, Format Version 12.00
# Visual Studio Version 17
VisualStudioVersion = 17.0.31903.59
MinimumVisualStudioVersion = 10.0.40219.1
Project("{2150E333-8FDC-42A3-9474-1A3956D46DE8}") = "src", "src", "{FC9D90B3-8D78-4ED4-A8F0-8A56092A1F87}"
EndProject
Project("{FAE04EC0-301F-11D3-BF4B-00C04F79EFBC}") = "Core.Api", "src\Core.Api\Core.Api.csproj", "{73B9441D-898D-450A-9524-DF29EC064D57}"
EndProject
Project("{FAE04EC0-301F-11D3-BF4B-00C04F79EFBC}") = "tests", "tests\tests.csproj", "{86D4DA94-4640-4E60-9673-24BCADF771C3}"
EndProject
Global
	GlobalSection(SolutionConfigurationPlatforms) = preSolution
		Debug|Any CPU = Debug|Any CPU
		Release|Any CPU = Release|Any CPU
	EndGlobalSection
	GlobalSection(SolutionProperties) = preSolution
		HideSolutionNode = FALSE
	EndGlobalSection
	GlobalSection(ProjectConfigurationPlatforms) = postSolution
		{73B9441D-898D-450A-9524-DF29EC064D57}.Debug|Any CPU.ActiveCfg = Debug|Any CPU
		{73B9441D-898D-450A-9524-DF29EC064D57}.Debug|Any CPU.Build.0 = Debug|Any CPU
		{73B9441D-898D-450A-9524-DF29EC064D57}.Release|Any CPU.ActiveCfg = Release|Any CPU
		{73B9441D-898D-450A-9524-DF29EC064D57}.Release|Any CPU.Build.0 = Release|Any CPU
		{86D4DA94-4640-4E60-9673-24BCADF771C3}.Debug|Any CPU.ActiveCfg = Debug|Any CPU
		{86D4DA94-4640-4E60-9673-24BCADF771C3}.Debug|Any CPU.Build.0 = Debug|Any CPU
		{86D4DA94-4640-4E60-9673-24BCADF771C3}.Release|Any CPU.ActiveCfg = Release|Any CPU
		{86D4DA94-4640-4E60-9673-24BCADF771C3}.Release|Any CPU.Build.0 = Release|Any CPU
	EndGlobalSection
	GlobalSection(NestedProjects) = preSolution
		{73B9441D-898D-450A-9524-DF29EC064D57} = {FC9D90B3-8D78-4ED4-A8F0-8A56092A1F87}
	EndGlobalSection
EndGlobal
